
Microsoft Visual Studio Solution File, Format Version 12.00
# Visual Studio 15
VisualStudioVersion = 15.0.28307.705
MinimumVisualStudioVersion = 10.0.40219.1
Project("{9A19103F-16F7-4668-BE54-9A1E7A4F7556}") = "Accounts", "Accounts\Accounts.csproj", "{D1FA7A48-FB2C-4D34-BE0F-01E324327939}"
EndProject
Project("{FAE04EC0-301F-11D3-BF4B-00C04F79EFBC}") = "Program", "Program\Program.csproj", "{6EC6B4A1-4D19-44BC-BAFB-4CA30BA93A22}"
EndProject
Project("{FAE04EC0-301F-11D3-BF4B-00C04F79EFBC}") = "WindowsFormsApp1", "WindowsFormsApp1\WindowsFormsApp1.csproj", "{422B8901-5EE6-4524-9152-CDD9C85E0F29}"
EndProject
Global
	GlobalSection(SolutionConfigurationPlatforms) = preSolution
		Debug|Any CPU = Debug|Any CPU
		Release|Any CPU = Release|Any CPU
	EndGlobalSection
	GlobalSection(ProjectConfigurationPlatforms) = postSolution
		{D1FA7A48-FB2C-4D34-BE0F-01E324327939}.Debug|Any CPU.ActiveCfg = Debug|Any CPU
		{D1FA7A48-FB2C-4D34-BE0F-01E324327939}.Debug|Any CPU.Build.0 = Debug|Any CPU
		{D1FA7A48-FB2C-4D34-BE0F-01E324327939}.Release|Any CPU.ActiveCfg = Release|Any CPU
		{D1FA7A48-FB2C-4D34-BE0F-01E324327939}.Release|Any CPU.Build.0 = Release|Any CPU
		{6EC6B4A1-4D19-44BC-BAFB-4CA30BA93A22}.Debug|Any CPU.ActiveCfg = Debug|Any CPU
		{6EC6B4A1-4D19-44BC-BAFB-4CA30BA93A22}.Debug|Any CPU.Build.0 = Debug|Any CPU
		{6EC6B4A1-4D19-44BC-BAFB-4CA30BA93A22}.Release|Any CPU.ActiveCfg = Release|Any CPU
		{6EC6B4A1-4D19-44BC-BAFB-4CA30BA93A22}.Release|Any CPU.Build.0 = Release|Any CPU
		{422B8901-5EE6-4524-9152-CDD9C85E0F29}.Debug|Any CPU.ActiveCfg = Debug|Any CPU
		{422B8901-5EE6-4524-9152-CDD9C85E0F29}.Debug|Any CPU.Build.0 = Debug|Any CPU
		{422B8901-5EE6-4524-9152-CDD9C85E0F29}.Release|Any CPU.ActiveCfg = Release|Any CPU
		{422B8901-5EE6-4524-9152-CDD9C85E0F29}.Release|Any CPU.Build.0 = Release|Any CPU
	EndGlobalSection
	GlobalSection(SolutionProperties) = preSolution
		HideSolutionNode = FALSE
	EndGlobalSection
	GlobalSection(ExtensibilityGlobals) = postSolution
		SolutionGuid = {B7000BE0-79E7-47A9-BCEB-C16272344656}
	EndGlobalSection
EndGlobal
